
Microsoft Visual Studio Solution File, Format Version 12.00
# Visual Studio Version 17
VisualStudioVersion = 17.0.31912.275
MinimumVisualStudioVersion = 10.0.40219.1
Project("{9A19103F-16F7-4668-BE54-9A1E7A4F7556}") = "RedeNeuralBasica", "RedeNeural\RedeNeuralBasica.csproj", "{273BDA34-9ED3-4B45-B5BB-DD01AC0A1148}"
EndProject
Project("{FAE04EC0-301F-11D3-BF4B-00C04F79EFBC}") = "RedeNeuralBasicaTests", "RedeNeuralBasicaTests\RedeNeuralBasicaTests.csproj", "{DCA96AD3-76D1-48EC-AED0-41E00F29A4DF}"
EndProject
Global
	GlobalSection(SolutionConfigurationPlatforms) = preSolution
		Debug|Any CPU = Debug|Any CPU
		Release|Any CPU = Release|Any CPU
	EndGlobalSection
	GlobalSection(ProjectConfigurationPlatforms) = postSolution
		{273BDA34-9ED3-4B45-B5BB-DD01AC0A1148}.Debug|Any CPU.ActiveCfg = Debug|Any CPU
		{273BDA34-9ED3-4B45-B5BB-DD01AC0A1148}.Debug|Any CPU.Build.0 = Debug|Any CPU
		{273BDA34-9ED3-4B45-B5BB-DD01AC0A1148}.Release|Any CPU.ActiveCfg = Release|Any CPU
		{273BDA34-9ED3-4B45-B5BB-DD01AC0A1148}.Release|Any CPU.Build.0 = Release|Any CPU
		{DCA96AD3-76D1-48EC-AED0-41E00F29A4DF}.Debug|Any CPU.ActiveCfg = Debug|Any CPU
		{DCA96AD3-76D1-48EC-AED0-41E00F29A4DF}.Debug|Any CPU.Build.0 = Debug|Any CPU
		{DCA96AD3-76D1-48EC-AED0-41E00F29A4DF}.Release|Any CPU.ActiveCfg = Release|Any CPU
		{DCA96AD3-76D1-48EC-AED0-41E00F29A4DF}.Release|Any CPU.Build.0 = Release|Any CPU
	EndGlobalSection
	GlobalSection(SolutionProperties) = preSolution
		HideSolutionNode = FALSE
	EndGlobalSection
	GlobalSection(ExtensibilityGlobals) = postSolution
		SolutionGuid = {6FC08227-391B-4914-BBE5-4AB6C345FC79}
	EndGlobalSection
EndGlobal
